// !$*UTF8*$!
{
	archiveVersion = 1;
	classes = {
	};
	objectVersion = 56;
	objects = {

/* Begin PBXBuildFile section */
		F0868DF82B2D10EC00865456 /* LoadingAnimation1App.swift in Sources */ = {isa = PBXBuildFile; fileRef = F0868DF72B2D10EC00865456 /* LoadingAnimation1App.swift */; };
		F0868DFA2B2D10EC00865456 /* ContentView.swift in Sources */ = {isa = PBXBuildFile; fileRef = F0868DF92B2D10EC00865456 /* ContentView.swift */; };
		F0868DFC2B2D10ED00865456 /* Assets.xcassets in Resources */ = {isa = PBXBuildFile; fileRef = F0868DFB2B2D10ED00865456 /* Assets.xcassets */; };
		F0868DFF2B2D10ED00865456 /* Preview Assets.xcassets in Resources */ = {isa = PBXBuildFile; fileRef = F0868DFE2B2D10ED00865456 /* Preview Assets.xcassets */; };
		F0868E092B2D10ED00865456 /* LoadingAnimation1Tests.swift in Sources */ = {isa = PBXBuildFile; fileRef = F0868E082B2D10ED00865456 /* LoadingAnimation1Tests.swift */; };
		F0868E132B2D10ED00865456 /* LoadingAnimation1UITests.swift in Sources */ = {isa = PBXBuildFile; fileRef = F0868E122B2D10ED00865456 /* LoadingAnimation1UITests.swift */; };
		F0868E152B2D10ED00865456 /* LoadingAnimation1UITestsLaunchTests.swift in Sources */ = {isa = PBXBuildFile; fileRef = F0868E142B2D10ED00865456 /* LoadingAnimation1UITestsLaunchTests.swift */; };
/* End PBXBuildFile section */

/* Begin PBXContainerItemProxy section */
		F0868E052B2D10ED00865456 /* PBXContainerItemProxy */ = {
			isa = PBXContainerItemProxy;
			containerPortal = F0868DEC2B2D10EC00865456 /* Project object */;
			proxyType = 1;
			remoteGlobalIDString = F0868DF32B2D10EC00865456;
			remoteInfo = LoadingAnimation1;
		};
		F0868E0F2B2D10ED00865456 /* PBXContainerItemProxy */ = {
			isa = PBXContainerItemProxy;
			containerPortal = F0868DEC2B2D10EC00865456 /* Project object */;
			proxyType = 1;
			remoteGlobalIDString = F0868DF32B2D10EC00865456;
			remoteInfo = LoadingAnimation1;
		};
/* End PBXContainerItemProxy section */

/* Begin PBXFileReference section */
		F0868DF42B2D10EC00865456 /* LoadingAnimation1.app */ = {isa = PBXFileReference; explicitFileType = wrapper.application; includeInIndex = 0; path = LoadingAnimation1.app; sourceTree = BUILT_PRODUCTS_DIR; };
		F0868DF72B2D10EC00865456 /* LoadingAnimation1App.swift */ = {isa = PBXFileReference; lastKnownFileType = sourcecode.swift; path = LoadingAnimation1App.swift; sourceTree = "<group>"; };
		F0868DF92B2D10EC00865456 /* ContentView.swift */ = {isa = PBXFileReference; lastKnownFileType = sourcecode.swift; path = ContentView.swift; sourceTree = "<group>"; };
		F0868DFB2B2D10ED00865456 /* Assets.xcassets */ = {isa = PBXFileReference; lastKnownFileType = folder.assetcatalog; path = Assets.xcassets; sourceTree = "<group>"; };
		F0868DFE2B2D10ED00865456 /* Preview Assets.xcassets */ = {isa = PBXFileReference; lastKnownFileType = folder.assetcatalog; path = "Preview Assets.xcassets"; sourceTree = "<group>"; };
		F0868E042B2D10ED00865456 /* LoadingAnimation1Tests.xctest */ = {isa = PBXFileReference; explicitFileType = wrapper.cfbundle; includeInIndex = 0; path = LoadingAnimation1Tests.xctest; sourceTree = BUILT_PRODUCTS_DIR; };
		F0868E082B2D10ED00865456 /* LoadingAnimation1Tests.swift */ = {isa = PBXFileReference; lastKnownFileType = sourcecode.swift; path = LoadingAnimation1Tests.swift; sourceTree = "<group>"; };
		F0868E0E2B2D10ED00865456 /* LoadingAnimation1UITests.xctest */ = {isa = PBXFileReference; explicitFileType = wrapper.cfbundle; includeInIndex = 0; path = LoadingAnimation1UITests.xctest; sourceTree = BUILT_PRODUCTS_DIR; };
		F0868E122B2D10ED00865456 /* LoadingAnimation1UITests.swift */ = {isa = PBXFileReference; lastKnownFileType = sourcecode.swift; path = LoadingAnimation1UITests.swift; sourceTree = "<group>"; };
		F0868E142B2D10ED00865456 /* LoadingAnimation1UITestsLaunchTests.swift */ = {isa = PBXFileReference; lastKnownFileType = sourcecode.swift; path = LoadingAnimation1UITestsLaunchTests.swift; sourceTree = "<group>"; };
/* End PBXFileReference section */

/* Begin PBXFrameworksBuildPhase section */
		F0868DF12B2D10EC00865456 /* Frameworks */ = {
			isa = PBXFrameworksBuildPhase;
			buildActionMask = 2147483647;
			files = (
			);
			runOnlyForDeploymentPostprocessing = 0;
		};
		F0868E012B2D10ED00865456 /* Frameworks */ = {
			isa = PBXFrameworksBuildPhase;
			buildActionMask = 2147483647;
			files = (
			);
			runOnlyForDeploymentPostprocessing = 0;
		};
		F0868E0B2B2D10ED00865456 /* Frameworks */ = {
			isa = PBXFrameworksBuildPhase;
			buildActionMask = 2147483647;
			files = (
			);
			runOnlyForDeploymentPostprocessing = 0;
		};
/* End PBXFrameworksBuildPhase section */

/* Begin PBXGroup section */
		F0868DEB2B2D10EC00865456 = {
			isa = PBXGroup;
			children = (
				F0868DF62B2D10EC00865456 /* LoadingAnimation1 */,
				F0868E072B2D10ED00865456 /* LoadingAnimation1Tests */,
				F0868E112B2D10ED00865456 /* LoadingAnimation1UITests */,
				F0868DF52B2D10EC00865456 /* Products */,
			);
			sourceTree = "<group>";
		};
		F0868DF52B2D10EC00865456 /* Products */ = {
			isa = PBXGroup;
			children = (
				F0868DF42B2D10EC00865456 /* LoadingAnimation1.app */,
				F0868E042B2D10ED00865456 /* LoadingAnimation1Tests.xctest */,
				F0868E0E2B2D10ED00865456 /* LoadingAnimation1UITests.xctest */,
			);
			name = Products;
			sourceTree = "<group>";
		};
		F0868DF62B2D10EC00865456 /* LoadingAnimation1 */ = {
			isa = PBXGroup;
			children = (
				F0868DF72B2D10EC00865456 /* LoadingAnimation1App.swift */,
				F0868DF92B2D10EC00865456 /* ContentView.swift */,
				F0868DFB2B2D10ED00865456 /* Assets.xcassets */,
				F0868DFD2B2D10ED00865456 /* Preview Content */,
			);
			path = LoadingAnimation1;
			sourceTree = "<group>";
		};
		F0868DFD2B2D10ED00865456 /* Preview Content */ = {
			isa = PBXGroup;
			children = (
				F0868DFE2B2D10ED00865456 /* Preview Assets.xcassets */,
			);
			path = "Preview Content";
			sourceTree = "<group>";
		};
		F0868E072B2D10ED00865456 /* LoadingAnimation1Tests */ = {
			isa = PBXGroup;
			children = (
				F0868E082B2D10ED00865456 /* LoadingAnimation1Tests.swift */,
			);
			path = LoadingAnimation1Tests;
			sourceTree = "<group>";
		};
		F0868E112B2D10ED00865456 /* LoadingAnimation1UITests */ = {
			isa = PBXGroup;
			children = (
				F0868E122B2D10ED00865456 /* LoadingAnimation1UITests.swift */,
				F0868E142B2D10ED00865456 /* LoadingAnimation1UITestsLaunchTests.swift */,
			);
			path = LoadingAnimation1UITests;
			sourceTree = "<group>";
		};
/* End PBXGroup section */

/* Begin PBXNativeTarget section */
		F0868DF32B2D10EC00865456 /* LoadingAnimation1 */ = {
			isa = PBXNativeTarget;
			buildConfigurationList = F0868E182B2D10ED00865456 /* Build configuration list for PBXNativeTarget "LoadingAnimation1" */;
			buildPhases = (
				F0868DF02B2D10EC00865456 /* Sources */,
				F0868DF12B2D10EC00865456 /* Frameworks */,
				F0868DF22B2D10EC00865456 /* Resources */,
			);
			buildRules = (
			);
			dependencies = (
			);
			name = LoadingAnimation1;
			productName = LoadingAnimation1;
			productReference = F0868DF42B2D10EC00865456 /* LoadingAnimation1.app */;
			productType = "com.apple.product-type.application";
		};
		F0868E032B2D10ED00865456 /* LoadingAnimation1Tests */ = {
			isa = PBXNativeTarget;
			buildConfigurationList = F0868E1B2B2D10ED00865456 /* Build configuration list for PBXNativeTarget "LoadingAnimation1Tests" */;
			buildPhases = (
				F0868E002B2D10ED00865456 /* Sources */,
				F0868E012B2D10ED00865456 /* Frameworks */,
				F0868E022B2D10ED00865456 /* Resources */,
			);
			buildRules = (
			);
			dependencies = (
				F0868E062B2D10ED00865456 /* PBXTargetDependency */,
			);
			name = LoadingAnimation1Tests;
			productName = LoadingAnimation1Tests;
			productReference = F0868E042B2D10ED00865456 /* LoadingAnimation1Tests.xctest */;
			productType = "com.apple.product-type.bundle.unit-test";
		};
		F0868E0D2B2D10ED00865456 /* LoadingAnimation1UITests */ = {
			isa = PBXNativeTarget;
			buildConfigurationList = F0868E1E2B2D10ED00865456 /* Build configuration list for PBXNativeTarget "LoadingAnimation1UITests" */;
			buildPhases = (
				F0868E0A2B2D10ED00865456 /* Sources */,
				F0868E0B2B2D10ED00865456 /* Frameworks */,
				F0868E0C2B2D10ED00865456 /* Resources */,
			);
			buildRules = (
			);
			dependencies = (
				F0868E102B2D10ED00865456 /* PBXTargetDependency */,
			);
			name = LoadingAnimation1UITests;
			productName = LoadingAnimation1UITests;
			productReference = F0868E0E2B2D10ED00865456 /* LoadingAnimation1UITests.xctest */;
			productType = "com.apple.product-type.bundle.ui-testing";
		};
/* End PBXNativeTarget section */

/* Begin PBXProject section */
		F0868DEC2B2D10EC00865456 /* Project object */ = {
			isa = PBXProject;
			attributes = {
				BuildIndependentTargetsInParallel = 1;
				LastSwiftUpdateCheck = 1430;
				LastUpgradeCheck = 1430;
				TargetAttributes = {
					F0868DF32B2D10EC00865456 = {
						CreatedOnToolsVersion = 14.3.1;
					};
					F0868E032B2D10ED00865456 = {
						CreatedOnToolsVersion = 14.3.1;
						TestTargetID = F0868DF32B2D10EC00865456;
					};
					F0868E0D2B2D10ED00865456 = {
						CreatedOnToolsVersion = 14.3.1;
						TestTargetID = F0868DF32B2D10EC00865456;
					};
				};
			};
			buildConfigurationList = F0868DEF2B2D10EC00865456 /* Build configuration list for PBXProject "LoadingAnimation1" */;
			compatibilityVersion = "Xcode 14.0";
			developmentRegion = en;
			hasScannedForEncodings = 0;
			knownRegions = (
				en,
				Base,
			);
			mainGroup = F0868DEB2B2D10EC00865456;
			productRefGroup = F0868DF52B2D10EC00865456 /* Products */;
			projectDirPath = "";
			projectRoot = "";
			targets = (
				F0868DF32B2D10EC00865456 /* LoadingAnimation1 */,
				F0868E032B2D10ED00865456 /* LoadingAnimation1Tests */,
				F0868E0D2B2D10ED00865456 /* LoadingAnimation1UITests */,
			);
		};
/* End PBXProject section */

/* Begin PBXResourcesBuildPhase section */
		F0868DF22B2D10EC00865456 /* Resources */ = {
			isa = PBXResourcesBuildPhase;
			buildActionMask = 2147483647;
			files = (
				F0868DFF2B2D10ED00865456 /* Preview Assets.xcassets in Resources */,
				F0868DFC2B2D10ED00865456 /* Assets.xcassets in Resources */,
			);
			runOnlyForDeploymentPostprocessing = 0;
		};
		F0868E022B2D10ED00865456 /* Resources */ = {
			isa = PBXResourcesBuildPhase;
			buildActionMask = 2147483647;
			files = (
			);
			runOnlyForDeploymentPostprocessing = 0;
		};
		F0868E0C2B2D10ED00865456 /* Resources */ = {
			isa = PBXResourcesBuildPhase;
			buildActionMask = 2147483647;
			files = (
			);
			runOnlyForDeploymentPostprocessing = 0;
		};
/* End PBXResourcesBuildPhase section */

/* Begin PBXSourcesBuildPhase section */
		F0868DF02B2D10EC00865456 /* Sources */ = {
			isa = PBXSourcesBuildPhase;
			buildActionMask = 2147483647;
			files = (
				F0868DFA2B2D10EC00865456 /* ContentView.swift in Sources */,
				F0868DF82B2D10EC00865456 /* LoadingAnimation1App.swift in Sources */,
			);
			runOnlyForDeploymentPostprocessing = 0;
		};
		F0868E002B2D10ED00865456 /* Sources */ = {
			isa = PBXSourcesBuildPhase;
			buildActionMask = 2147483647;
			files = (
				F0868E092B2D10ED00865456 /* LoadingAnimation1Tests.swift in Sources */,
			);
			runOnlyForDeploymentPostprocessing = 0;
		};
		F0868E0A2B2D10ED00865456 /* Sources */ = {
			isa = PBXSourcesBuildPhase;
			buildActionMask = 2147483647;
			files = (
				F0868E152B2D10ED00865456 /* LoadingAnimation1UITestsLaunchTests.swift in Sources */,
				F0868E132B2D10ED00865456 /* LoadingAnimation1UITests.swift in Sources */,
			);
			runOnlyForDeploymentPostprocessing = 0;
		};
/* End PBXSourcesBuildPhase section */

/* Begin PBXTargetDependency section */
		F0868E062B2D10ED00865456 /* PBXTargetDependency */ = {
			isa = PBXTargetDependency;
			target = F0868DF32B2D10EC00865456 /* LoadingAnimation1 */;
			targetProxy = F0868E052B2D10ED00865456 /* PBXContainerItemProxy */;
		};
		F0868E102B2D10ED00865456 /* PBXTargetDependency */ = {
			isa = PBXTargetDependency;
			target = F0868DF32B2D10EC00865456 /* LoadingAnimation1 */;
			targetProxy = F0868E0F2B2D10ED00865456 /* PBXContainerItemProxy */;
		};
/* End PBXTargetDependency section */

/* Begin XCBuildConfiguration section */
		F0868E162B2D10ED00865456 /* Debug */ = {
			isa = XCBuildConfiguration;
			buildSettings = {
				ALWAYS_SEARCH_USER_PATHS = NO;
				CLANG_ANALYZER_NONNULL = YES;
				CLANG_ANALYZER_NUMBER_OBJECT_CONVERSION = YES_AGGRESSIVE;
				CLANG_CXX_LANGUAGE_STANDARD = "gnu++20";
				CLANG_ENABLE_MODULES = YES;
				CLANG_ENABLE_OBJC_ARC = YES;
				CLANG_ENABLE_OBJC_WEAK = YES;
				CLANG_WARN_BLOCK_CAPTURE_AUTORELEASING = YES;
				CLANG_WARN_BOOL_CONVERSION = YES;
				CLANG_WARN_COMMA = YES;
				CLANG_WARN_CONSTANT_CONVERSION = YES;
				CLANG_WARN_DEPRECATED_OBJC_IMPLEMENTATIONS = YES;
				CLANG_WARN_DIRECT_OBJC_ISA_USAGE = YES_ERROR;
				CLANG_WARN_DOCUMENTATION_COMMENTS = YES;
				CLANG_WARN_EMPTY_BODY = YES;
				CLANG_WARN_ENUM_CONVERSION = YES;
				CLANG_WARN_INFINITE_RECURSION = YES;
				CLANG_WARN_INT_CONVERSION = YES;
				CLANG_WARN_NON_LITERAL_NULL_CONVERSION = YES;
				CLANG_WARN_OBJC_IMPLICIT_RETAIN_SELF = YES;
				CLANG_WARN_OBJC_LITERAL_CONVERSION = YES;
				CLANG_WARN_OBJC_ROOT_CLASS = YES_ERROR;
				CLANG_WARN_QUOTED_INCLUDE_IN_FRAMEWORK_HEADER = YES;
				CLANG_WARN_RANGE_LOOP_ANALYSIS = YES;
				CLANG_WARN_STRICT_PROTOTYPES = YES;
				CLANG_WARN_SUSPICIOUS_MOVE = YES;
				CLANG_WARN_UNGUARDED_AVAILABILITY = YES_AGGRESSIVE;
				CLANG_WARN_UNREACHABLE_CODE = YES;
				CLANG_WARN__DUPLICATE_METHOD_MATCH = YES;
				COPY_PHASE_STRIP = NO;
				DEBUG_INFORMATION_FORMAT = dwarf;
				ENABLE_STRICT_OBJC_MSGSEND = YES;
				ENABLE_TESTABILITY = YES;
				GCC_C_LANGUAGE_STANDARD = gnu11;
				GCC_DYNAMIC_NO_PIC = NO;
				GCC_NO_COMMON_BLOCKS = YES;
				GCC_OPTIMIZATION_LEVEL = 0;
				GCC_PREPROCESSOR_DEFINITIONS = (
					"DEBUG=1",
					"$(inherited)",
				);
				GCC_WARN_64_TO_32_BIT_CONVERSION = YES;
				GCC_WARN_ABOUT_RETURN_TYPE = YES_ERROR;
				GCC_WARN_UNDECLARED_SELECTOR = YES;
				GCC_WARN_UNINITIALIZED_AUTOS = YES_AGGRESSIVE;
				GCC_WARN_UNUSED_FUNCTION = YES;
				GCC_WARN_UNUSED_VARIABLE = YES;
				IPHONEOS_DEPLOYMENT_TARGET = 16.4;
				MTL_ENABLE_DEBUG_INFO = INCLUDE_SOURCE;
				MTL_FAST_MATH = YES;
				ONLY_ACTIVE_ARCH = YES;
				SDKROOT = iphoneos;
				SWIFT_ACTIVE_COMPILATION_CONDITIONS = DEBUG;
				SWIFT_OPTIMIZATION_LEVEL = "-Onone";
			};
			name = Debug;
		};
		F0868E172B2D10ED00865456 /* Release */ = {
			isa = XCBuildConfiguration;
			buildSettings = {
				ALWAYS_SEARCH_USER_PATHS = NO;
				CLANG_ANALYZER_NONNULL = YES;
				CLANG_ANALYZER_NUMBER_OBJECT_CONVERSION = YES_AGGRESSIVE;
				CLANG_CXX_LANGUAGE_STANDARD = "gnu++20";
				CLANG_ENABLE_MODULES = YES;
				CLANG_ENABLE_OBJC_ARC = YES;
				CLANG_ENABLE_OBJC_WEAK = YES;
				CLANG_WARN_BLOCK_CAPTURE_AUTORELEASING = YES;
				CLANG_WARN_BOOL_CONVERSION = YES;
				CLANG_WARN_COMMA = YES;
				CLANG_WARN_CONSTANT_CONVERSION = YES;
				CLANG_WARN_DEPRECATED_OBJC_IMPLEMENTATIONS = YES;
				CLANG_WARN_DIRECT_OBJC_ISA_USAGE = YES_ERROR;
				CLANG_WARN_DOCUMENTATION_COMMENTS = YES;
				CLANG_WARN_EMPTY_BODY = YES;
				CLANG_WARN_ENUM_CONVERSION = YES;
				CLANG_WARN_INFINITE_RECURSION = YES;
				CLANG_WARN_INT_CONVERSION = YES;
				CLANG_WARN_NON_LITERAL_NULL_CONVERSION = YES;
				CLANG_WARN_OBJC_IMPLICIT_RETAIN_SELF = YES;
				CLANG_WARN_OBJC_LITERAL_CONVERSION = YES;
				CLANG_WARN_OBJC_ROOT_CLASS = YES_ERROR;
				CLANG_WARN_QUOTED_INCLUDE_IN_FRAMEWORK_HEADER = YES;
				CLANG_WARN_RANGE_LOOP_ANALYSIS = YES;
				CLANG_WARN_STRICT_PROTOTYPES = YES;
				CLANG_WARN_SUSPICIOUS_MOVE = YES;
				CLANG_WARN_UNGUARDED_AVAILABILITY = YES_AGGRESSIVE;
				CLANG_WARN_UNREACHABLE_CODE = YES;
				CLANG_WARN__DUPLICATE_METHOD_MATCH = YES;
				COPY_PHASE_STRIP = NO;
				DEBUG_INFORMATION_FORMAT = "dwarf-with-dsym";
				ENABLE_NS_ASSERTIONS = NO;
				ENABLE_STRICT_OBJC_MSGSEND = YES;
				GCC_C_LANGUAGE_STANDARD = gnu11;
				GCC_NO_COMMON_BLOCKS = YES;
				GCC_WARN_64_TO_32_BIT_CONVERSION = YES;
				GCC_WARN_ABOUT_RETURN_TYPE = YES_ERROR;
				GCC_WARN_UNDECLARED_SELECTOR = YES;
				GCC_WARN_UNINITIALIZED_AUTOS = YES_AGGRESSIVE;
				GCC_WARN_UNUSED_FUNCTION = YES;
				GCC_WARN_UNUSED_VARIABLE = YES;
				IPHONEOS_DEPLOYMENT_TARGET = 16.4;
				MTL_ENABLE_DEBUG_INFO = NO;
				MTL_FAST_MATH = YES;
				SDKROOT = iphoneos;
				SWIFT_COMPILATION_MODE = wholemodule;
				SWIFT_OPTIMIZATION_LEVEL = "-O";
				VALIDATE_PRODUCT = YES;
			};
			name = Release;
		};
		F0868E192B2D10ED00865456 /* Debug */ = {
			isa = XCBuildConfiguration;
			buildSettings = {
				ASSETCATALOG_COMPILER_APPICON_NAME = AppIcon;
				ASSETCATALOG_COMPILER_GLOBAL_ACCENT_COLOR_NAME = AccentColor;
				CODE_SIGN_STYLE = Automatic;
				CURRENT_PROJECT_VERSION = 1;
				DEVELOPMENT_ASSET_PATHS = "\"LoadingAnimation1/Preview Content\"";
				DEVELOPMENT_TEAM = 9FGCZRAZC6;
				ENABLE_PREVIEWS = YES;
				GENERATE_INFOPLIST_FILE = YES;
				INFOPLIST_KEY_UIApplicationSceneManifest_Generation = YES;
				INFOPLIST_KEY_UIApplicationSupportsIndirectInputEvents = YES;
				INFOPLIST_KEY_UILaunchScreen_Generation = YES;
				INFOPLIST_KEY_UISupportedInterfaceOrientations_iPad = "UIInterfaceOrientationPortrait UIInterfaceOrientationPortraitUpsideDown UIInterfaceOrientationLandscapeLeft UIInterfaceOrientationLandscapeRight";
				INFOPLIST_KEY_UISupportedInterfaceOrientations_iPhone = "UIInterfaceOrientationPortrait UIInterfaceOrientationLandscapeLeft UIInterfaceOrientationLandscapeRight";
				LD_RUNPATH_SEARCH_PATHS = (
					"$(inherited)",
					"@executable_path/Frameworks",
				);
				MARKETING_VERSION = 1.0;
				PRODUCT_BUNDLE_IDENTIFIER = brkdev.LoadingAnimation1;
				PRODUCT_NAME = "$(TARGET_NAME)";
				SWIFT_EMIT_LOC_STRINGS = YES;
				SWIFT_VERSION = 5.0;
				TARGETED_DEVICE_FAMILY = "1,2";
			};
			name = Debug;
		};
		F0868E1A2B2D10ED00865456 /* Release */ = {
			isa = XCBuildConfiguration;
			buildSettings = {
				ASSETCATALOG_COMPILER_APPICON_NAME = AppIcon;
				ASSETCATALOG_COMPILER_GLOBAL_ACCENT_COLOR_NAME = AccentColor;
				CODE_SIGN_STYLE = Automatic;
				CURRENT_PROJECT_VERSION = 1;
				DEVELOPMENT_ASSET_PATHS = "\"LoadingAnimation1/Preview Content\"";
				DEVELOPMENT_TEAM = 9FGCZRAZC6;
				ENABLE_PREVIEWS = YES;
				GENERATE_INFOPLIST_FILE = YES;
				INFOPLIST_KEY_UIApplicationSceneManifest_Generation = YES;
				INFOPLIST_KEY_UIApplicationSupportsIndirectInputEvents = YES;
				INFOPLIST_KEY_UILaunchScreen_Generation = YES;
				INFOPLIST_KEY_UISupportedInterfaceOrientations_iPad = "UIInterfaceOrientationPortrait UIInterfaceOrientationPortraitUpsideDown UIInterfaceOrientationLandscapeLeft UIInterfaceOrientationLandscapeRight";
				INFOPLIST_KEY_UISupportedInterfaceOrientations_iPhone = "UIInterfaceOrientationPortrait UIInterfaceOrientationLandscapeLeft UIInterfaceOrientationLandscapeRight";
				LD_RUNPATH_SEARCH_PATHS = (
					"$(inherited)",
					"@executable_path/Frameworks",
				);
				MARKETING_VERSION = 1.0;
				PRODUCT_BUNDLE_IDENTIFIER = brkdev.LoadingAnimation1;
				PRODUCT_NAME = "$(TARGET_NAME)";
				SWIFT_EMIT_LOC_STRINGS = YES;
				SWIFT_VERSION = 5.0;
				TARGETED_DEVICE_FAMILY = "1,2";
			};
			name = Release;
		};
		F0868E1C2B2D10ED00865456 /* Debug */ = {
			isa = XCBuildConfiguration;
			buildSettings = {
				ALWAYS_EMBED_SWIFT_STANDARD_LIBRARIES = YES;
				BUNDLE_LOADER = "$(TEST_HOST)";
				CODE_SIGN_STYLE = Automatic;
				CURRENT_PROJECT_VERSION = 1;
				DEVELOPMENT_TEAM = 9FGCZRAZC6;
				GENERATE_INFOPLIST_FILE = YES;
				IPHONEOS_DEPLOYMENT_TARGET = 16.4;
				MARKETING_VERSION = 1.0;
				PRODUCT_BUNDLE_IDENTIFIER = brkdev.LoadingAnimation1Tests;
				PRODUCT_NAME = "$(TARGET_NAME)";
				SWIFT_EMIT_LOC_STRINGS = NO;
				SWIFT_VERSION = 5.0;
				TARGETED_DEVICE_FAMILY = "1,2";
				TEST_HOST = "$(BUILT_PRODUCTS_DIR)/LoadingAnimation1.app/$(BUNDLE_EXECUTABLE_FOLDER_PATH)/LoadingAnimation1";
			};
			name = Debug;
		};
		F0868E1D2B2D10ED00865456 /* Release */ = {
			isa = XCBuildConfiguration;
			buildSettings = {
				ALWAYS_EMBED_SWIFT_STANDARD_LIBRARIES = YES;
				BUNDLE_LOADER = "$(TEST_HOST)";
				CODE_SIGN_STYLE = Automatic;
				CURRENT_PROJECT_VERSION = 1;
				DEVELOPMENT_TEAM = 9FGCZRAZC6;
				GENERATE_INFOPLIST_FILE = YES;
				IPHONEOS_DEPLOYMENT_TARGET = 16.4;
				MARKETING_VERSION = 1.0;
				PRODUCT_BUNDLE_IDENTIFIER = brkdev.LoadingAnimation1Tests;
				PRODUCT_NAME = "$(TARGET_NAME)";
				SWIFT_EMIT_LOC_STRINGS = NO;
				SWIFT_VERSION = 5.0;
				TARGETED_DEVICE_FAMILY = "1,2";
				TEST_HOST = "$(BUILT_PRODUCTS_DIR)/LoadingAnimation1.app/$(BUNDLE_EXECUTABLE_FOLDER_PATH)/LoadingAnimation1";
			};
			name = Release;
		};
		F0868E1F2B2D10ED00865456 /* Debug */ = {
			isa = XCBuildConfiguration;
			buildSettings = {
				ALWAYS_EMBED_SWIFT_STANDARD_LIBRARIES = YES;
				CODE_SIGN_STYLE = Automatic;
				CURRENT_PROJECT_VERSION = 1;
				DEVELOPMENT_TEAM = 9FGCZRAZC6;
				GENERATE_INFOPLIST_FILE = YES;
				MARKETING_VERSION = 1.0;
				PRODUCT_BUNDLE_IDENTIFIER = brkdev.LoadingAnimation1UITests;
				PRODUCT_NAME = "$(TARGET_NAME)";
				SWIFT_EMIT_LOC_STRINGS = NO;
				SWIFT_VERSION = 5.0;
				TARGETED_DEVICE_FAMILY = "1,2";
				TEST_TARGET_NAME = LoadingAnimation1;
			};
			name = Debug;
		};
		F0868E202B2D10ED00865456 /* Release */ = {
			isa = XCBuildConfiguration;
			buildSettings = {
				ALWAYS_EMBED_SWIFT_STANDARD_LIBRARIES = YES;
				CODE_SIGN_STYLE = Automatic;
				CURRENT_PROJECT_VERSION = 1;
				DEVELOPMENT_TEAM = 9FGCZRAZC6;
				GENERATE_INFOPLIST_FILE = YES;
				MARKETING_VERSION = 1.0;
				PRODUCT_BUNDLE_IDENTIFIER = brkdev.LoadingAnimation1UITests;
				PRODUCT_NAME = "$(TARGET_NAME)";
				SWIFT_EMIT_LOC_STRINGS = NO;
				SWIFT_VERSION = 5.0;
				TARGETED_DEVICE_FAMILY = "1,2";
				TEST_TARGET_NAME = LoadingAnimation1;
			};
			name = Release;
		};
/* End XCBuildConfiguration section */

/* Begin XCConfigurationList section */
		F0868DEF2B2D10EC00865456 /* Build configuration list for PBXProject "LoadingAnimation1" */ = {
			isa = XCConfigurationList;
			buildConfigurations = (
				F0868E162B2D10ED00865456 /* Debug */,
				F0868E172B2D10ED00865456 /* Release */,
			);
			defaultConfigurationIsVisible = 0;
			defaultConfigurationName = Release;
		};
		F0868E182B2D10ED00865456 /* Build configuration list for PBXNativeTarget "LoadingAnimation1" */ = {
			isa = XCConfigurationList;
			buildConfigurations = (
				F0868E192B2D10ED00865456 /* Debug */,
				F0868E1A2B2D10ED00865456 /* Release */,
			);
			defaultConfigurationIsVisible = 0;
			defaultConfigurationName = Release;
		};
		F0868E1B2B2D10ED00865456 /* Build configuration list for PBXNativeTarget "LoadingAnimation1Tests" */ = {
			isa = XCConfigurationList;
			buildConfigurations = (
				F0868E1C2B2D10ED00865456 /* Debug */,
				F0868E1D2B2D10ED00865456 /* Release */,
			);
			defaultConfigurationIsVisible = 0;
			defaultConfigurationName = Release;
		};
		F0868E1E2B2D10ED00865456 /* Build configuration list for PBXNativeTarget "LoadingAnimation1UITests" */ = {
			isa = XCConfigurationList;
			buildConfigurations = (
				F0868E1F2B2D10ED00865456 /* Debug */,
				F0868E202B2D10ED00865456 /* Release */,
			);
			defaultConfigurationIsVisible = 0;
			defaultConfigurationName = Release;
		};
/* End XCConfigurationList section */
	};
	rootObject = F0868DEC2B2D10EC00865456 /* Project object */;
}
